
Microsoft Visual Studio Solution File, Format Version 12.00
# Visual Studio Version 16
VisualStudioVersion = 16.0.32228.343
MinimumVisualStudioVersion = 10.0.40219.1
Project("{FAE04EC0-301F-11D3-BF4B-00C04F79EFBC}") = "sweetsWindowsForms", "sweetsWindowsForms\sweetsWindowsForms.csproj", "{A26E10AA-614D-4231-B292-845941168AAB}"
EndProject
Global
	GlobalSection(SolutionConfigurationPlatforms) = preSolution
		Debug|Any CPU = Debug|Any CPU
		Release|Any CPU = Release|Any CPU
	EndGlobalSection
	GlobalSection(ProjectConfigurationPlatforms) = postSolution
		{A26E10AA-614D-4231-B292-845941168AAB}.Debug|Any CPU.ActiveCfg = Debug|Any CPU
		{A26E10AA-614D-4231-B292-845941168AAB}.Debug|Any CPU.Build.0 = Debug|Any CPU
		{A26E10AA-614D-4231-B292-845941168AAB}.Release|Any CPU.ActiveCfg = Release|Any CPU
		{A26E10AA-614D-4231-B292-845941168AAB}.Release|Any CPU.Build.0 = Release|Any CPU
	EndGlobalSection
	GlobalSection(SolutionProperties) = preSolution
		HideSolutionNode = FALSE
	EndGlobalSection
	GlobalSection(ExtensibilityGlobals) = postSolution
		SolutionGuid = {43E7FBE7-8D03-4914-96E2-8889E5D4677F}
	EndGlobalSection
EndGlobal
